
Microsoft Visual Studio Solution File, Format Version 12.00
# Visual Studio 15
Project("{FAE04EC0-301F-11D3-BF4B-00C04F79EFBC}") = "Assembly-CSharp", "Assembly-CSharp.csproj", "{CC5C67A5-F6D1-D7C9-547D-8D396331A204}"
EndProject
Global
	GlobalSection(SolutionConfigurationPlatforms) = preSolution
		Debug|Any CPU = Debug|Any CPU
		Release|Any CPU = Release|Any CPU
	EndGlobalSection
	GlobalSection(ProjectConfigurationPlatforms) = postSolution
		{CC5C67A5-F6D1-D7C9-547D-8D396331A204}.Debug|Any CPU.ActiveCfg = Debug|Any CPU
		{CC5C67A5-F6D1-D7C9-547D-8D396331A204}.Debug|Any CPU.Build.0 = Debug|Any CPU
		{CC5C67A5-F6D1-D7C9-547D-8D396331A204}.Release|Any CPU.ActiveCfg = Release|Any CPU
		{CC5C67A5-F6D1-D7C9-547D-8D396331A204}.Release|Any CPU.Build.0 = Release|Any CPU
	EndGlobalSection
	GlobalSection(SolutionProperties) = preSolution
		HideSolutionNode = FALSE
	EndGlobalSection
EndGlobal
